
Microsoft Visual Studio Solution File, Format Version 12.00
# Visual Studio Version 17
VisualStudioVersion = 17.10.35013.160
MinimumVisualStudioVersion = 10.0.40219.1
Project("{9A19103F-16F7-4668-BE54-9A1E7A4F7556}") = "BlazorApp", "BlazorApp\BlazorApp.csproj", "{30D95C3A-654F-461A-9E68-4120622745DC}"
EndProject
Global
	GlobalSection(SolutionConfigurationPlatforms) = preSolution
		Debug|Any CPU = Debug|Any CPU
		Release|Any CPU = Release|Any CPU
	EndGlobalSection
	GlobalSection(ProjectConfigurationPlatforms) = postSolution
		{30D95C3A-654F-461A-9E68-4120622745DC}.Debug|Any CPU.ActiveCfg = Debug|Any CPU
		{30D95C3A-654F-461A-9E68-4120622745DC}.Debug|Any CPU.Build.0 = Debug|Any CPU
		{30D95C3A-654F-461A-9E68-4120622745DC}.Release|Any CPU.ActiveCfg = Release|Any CPU
		{30D95C3A-654F-461A-9E68-4120622745DC}.Release|Any CPU.Build.0 = Release|Any CPU
	EndGlobalSection
	GlobalSection(SolutionProperties) = preSolution
		HideSolutionNode = FALSE
	EndGlobalSection
	GlobalSection(ExtensibilityGlobals) = postSolution
		SolutionGuid = {4746E16A-A3A4-46AE-9CBA-04123362E194}
	EndGlobalSection
EndGlobal
